
Microsoft Visual Studio Solution File, Format Version 12.00
# Visual Studio 14
VisualStudioVersion = 14.0.24720.0
MinimumVisualStudioVersion = 10.0.40219.1
Project("{FAE04EC0-301F-11D3-BF4B-00C04F79EFBC}") = "Num1", "Num1\Num1.csproj", "{A2B9DD36-793F-4511-AF53-F7291AF66A66}"
EndProject
Project("{FAE04EC0-301F-11D3-BF4B-00C04F79EFBC}") = "Num2", "Num2\Num2.csproj", "{E9328EDB-7016-4D4C-B2A9-2A85F7075676}"
EndProject
Project("{FAE04EC0-301F-11D3-BF4B-00C04F79EFBC}") = "Num3", "Num3\Num3.csproj", "{08B24160-D6AA-44B2-99C8-91E59C7B0A0C}"
EndProject
Global
	GlobalSection(SolutionConfigurationPlatforms) = preSolution
		Debug|Any CPU = Debug|Any CPU
		Release|Any CPU = Release|Any CPU
	EndGlobalSection
	GlobalSection(ProjectConfigurationPlatforms) = postSolution
		{A2B9DD36-793F-4511-AF53-F7291AF66A66}.Debug|Any CPU.ActiveCfg = Debug|Any CPU
		{A2B9DD36-793F-4511-AF53-F7291AF66A66}.Debug|Any CPU.Build.0 = Debug|Any CPU
		{A2B9DD36-793F-4511-AF53-F7291AF66A66}.Release|Any CPU.ActiveCfg = Release|Any CPU
		{A2B9DD36-793F-4511-AF53-F7291AF66A66}.Release|Any CPU.Build.0 = Release|Any CPU
		{E9328EDB-7016-4D4C-B2A9-2A85F7075676}.Debug|Any CPU.ActiveCfg = Debug|Any CPU
		{E9328EDB-7016-4D4C-B2A9-2A85F7075676}.Debug|Any CPU.Build.0 = Debug|Any CPU
		{E9328EDB-7016-4D4C-B2A9-2A85F7075676}.Release|Any CPU.ActiveCfg = Release|Any CPU
		{E9328EDB-7016-4D4C-B2A9-2A85F7075676}.Release|Any CPU.Build.0 = Release|Any CPU
		{08B24160-D6AA-44B2-99C8-91E59C7B0A0C}.Debug|Any CPU.ActiveCfg = Debug|Any CPU
		{08B24160-D6AA-44B2-99C8-91E59C7B0A0C}.Debug|Any CPU.Build.0 = Debug|Any CPU
		{08B24160-D6AA-44B2-99C8-91E59C7B0A0C}.Release|Any CPU.ActiveCfg = Release|Any CPU
		{08B24160-D6AA-44B2-99C8-91E59C7B0A0C}.Release|Any CPU.Build.0 = Release|Any CPU
	EndGlobalSection
	GlobalSection(SolutionProperties) = preSolution
		HideSolutionNode = FALSE
	EndGlobalSection
EndGlobal
